
Microsoft Visual Studio Solution File, Format Version 12.00
# Visual Studio Version 17
VisualStudioVersion = 17.3.32804.467
MinimumVisualStudioVersion = 10.0.40219.1
Project("{FAE04EC0-301F-11D3-BF4B-00C04F79EFBC}") = "DigRich.Common", "DigRich.Common.csproj", "{49082223-AA44-4FB1-BAB8-D2FA6FFB60BE}"
EndProject
Global
	GlobalSection(SolutionConfigurationPlatforms) = preSolution
		Debug|Any CPU = Debug|Any CPU
		Release|Any CPU = Release|Any CPU
	EndGlobalSection
	GlobalSection(ProjectConfigurationPlatforms) = postSolution
		{49082223-AA44-4FB1-BAB8-D2FA6FFB60BE}.Debug|Any CPU.ActiveCfg = Debug|Any CPU
		{49082223-AA44-4FB1-BAB8-D2FA6FFB60BE}.Debug|Any CPU.Build.0 = Debug|Any CPU
		{49082223-AA44-4FB1-BAB8-D2FA6FFB60BE}.Release|Any CPU.ActiveCfg = Release|Any CPU
		{49082223-AA44-4FB1-BAB8-D2FA6FFB60BE}.Release|Any CPU.Build.0 = Release|Any CPU
	EndGlobalSection
	GlobalSection(SolutionProperties) = preSolution
		HideSolutionNode = FALSE
	EndGlobalSection
	GlobalSection(ExtensibilityGlobals) = postSolution
		SolutionGuid = {E8A5ADDD-89E1-472C-8B28-1D9B2F03EC54}
	EndGlobalSection
EndGlobal
